// !$*UTF8*$!
{
	archiveVersion = 1;
	classes = {
	};
	objectVersion = 56;
	objects = {

/* Begin PBXBuildFile section */
		F34D0AA92AED543700B7FF11 /* NewMessageView.swift in Sources */ = {isa = PBXBuildFile; fileRef = F34D0AA82AED543700B7FF11 /* NewMessageView.swift */; };
		F34D0AAC2AED554A00B7FF11 /* NewMessageViewModel.swift in Sources */ = {isa = PBXBuildFile; fileRef = F34D0AAB2AED554A00B7FF11 /* NewMessageViewModel.swift */; };
		F34D0AAE2AED701900B7FF11 /* SingleNewMessageItemRow.swift in Sources */ = {isa = PBXBuildFile; fileRef = F34D0AAD2AED701900B7FF11 /* SingleNewMessageItemRow.swift */; };
		F35679412AEA97A000A30FA5 /* DemoChatAppApp.swift in Sources */ = {isa = PBXBuildFile; fileRef = F35679402AEA97A000A30FA5 /* DemoChatAppApp.swift */; };
		F35679432AEA97A000A30FA5 /* ContentView.swift in Sources */ = {isa = PBXBuildFile; fileRef = F35679422AEA97A000A30FA5 /* ContentView.swift */; };
		F35679452AEA97A100A30FA5 /* Assets.xcassets in Resources */ = {isa = PBXBuildFile; fileRef = F35679442AEA97A100A30FA5 /* Assets.xcassets */; };
		F35679482AEA97A100A30FA5 /* Preview Assets.xcassets in Resources */ = {isa = PBXBuildFile; fileRef = F35679472AEA97A100A30FA5 /* Preview Assets.xcassets */; };
		F35679542AEA981000A30FA5 /* LoginView.swift in Sources */ = {isa = PBXBuildFile; fileRef = F35679532AEA981000A30FA5 /* LoginView.swift */; };
		F35679592AEA98F200A30FA5 /* FontModifier.swift in Sources */ = {isa = PBXBuildFile; fileRef = F35679582AEA98F200A30FA5 /* FontModifier.swift */; };
		F356795B2AEAA0E400A30FA5 /* Constants.swift in Sources */ = {isa = PBXBuildFile; fileRef = F356795A2AEAA0E400A30FA5 /* Constants.swift */; };
		F359726C2AED439C00967502 /* InboxRowView.swift in Sources */ = {isa = PBXBuildFile; fileRef = F359726B2AED439C00967502 /* InboxRowView.swift */; };
		F362CD642AF7BC7E0055A49E /* Message.swift in Sources */ = {isa = PBXBuildFile; fileRef = F362CD632AF7BC7E0055A49E /* Message.swift */; };
		F362CD662AF7BE160055A49E /* MessageService.swift in Sources */ = {isa = PBXBuildFile; fileRef = F362CD652AF7BE160055A49E /* MessageService.swift */; };
		F3982ABE2AF14E6000701854 /* FirebaseAuth in Frameworks */ = {isa = PBXBuildFile; productRef = F3982ABD2AF14E6000701854 /* FirebaseAuth */; };
		F3982AC02AF14E6000701854 /* FirebaseFirestore in Frameworks */ = {isa = PBXBuildFile; productRef = F3982ABF2AF14E6000701854 /* FirebaseFirestore */; };
		F3982AC22AF14E6000701854 /* FirebaseFirestoreSwift in Frameworks */ = {isa = PBXBuildFile; productRef = F3982AC12AF14E6000701854 /* FirebaseFirestoreSwift */; };
		F3982AC42AF14E6000701854 /* FirebaseStorage in Frameworks */ = {isa = PBXBuildFile; productRef = F3982AC32AF14E6000701854 /* FirebaseStorage */; };
		F3982AC62AF1539C00701854 /* GoogleService-Info.plist in Resources */ = {isa = PBXBuildFile; fileRef = F3982AC52AF1539C00701854 /* GoogleService-Info.plist */; };
		F3982AC92AF1548C00701854 /* AuthService.swift in Sources */ = {isa = PBXBuildFile; fileRef = F3982AC82AF1548C00701854 /* AuthService.swift */; };
		F39BE6A52AF732B400CB119F /* UserService.swift in Sources */ = {isa = PBXBuildFile; fileRef = F39BE6A42AF732B400CB119F /* UserService.swift */; };
		F39BE6A92AF73AB700CB119F /* InboxViewModel.swift in Sources */ = {isa = PBXBuildFile; fileRef = F39BE6A82AF73AB700CB119F /* InboxViewModel.swift */; };
		F3B9763F2AEBE91300B408CD /* RegistrationViewModel.swift in Sources */ = {isa = PBXBuildFile; fileRef = F3B9763E2AEBE91300B408CD /* RegistrationViewModel.swift */; };
		F3B976412AEBE93E00B408CD /* RegistrationView.swift in Sources */ = {isa = PBXBuildFile; fileRef = F3B976402AEBE93E00B408CD /* RegistrationView.swift */; };
		F3B976442AEBEA0A00B408CD /* InputTextWithBG.swift in Sources */ = {isa = PBXBuildFile; fileRef = F3B976432AEBEA0A00B408CD /* InputTextWithBG.swift */; };
		F3B976492AEBF18F00B408CD /* InboxView.swift in Sources */ = {isa = PBXBuildFile; fileRef = F3B976482AEBF18F00B408CD /* InboxView.swift */; };
		F3B9764B2AEBF46100B408CD /* ActiveNowView.swift in Sources */ = {isa = PBXBuildFile; fileRef = F3B9764A2AEBF46100B408CD /* ActiveNowView.swift */; };
		F3C91E1E2AEE87DC00D0E0F7 /* ProfileView.swift in Sources */ = {isa = PBXBuildFile; fileRef = F3C91E1D2AEE87DC00D0E0F7 /* ProfileView.swift */; };
		F3C91E202AEE8DB300D0E0F7 /* SettingOptionViewModel.swift in Sources */ = {isa = PBXBuildFile; fileRef = F3C91E1F2AEE8DB300D0E0F7 /* SettingOptionViewModel.swift */; };
		F3C91E222AEEAB5800D0E0F7 /* ProfileViewModel.swift in Sources */ = {isa = PBXBuildFile; fileRef = F3C91E212AEEAB5800D0E0F7 /* ProfileViewModel.swift */; };
		F3C91E252AEEB21500D0E0F7 /* User.swift in Sources */ = {isa = PBXBuildFile; fileRef = F3C91E242AEEB21500D0E0F7 /* User.swift */; };
		F3C91E282AEEBCE800D0E0F7 /* CircularProfileImageView.swift in Sources */ = {isa = PBXBuildFile; fileRef = F3C91E272AEEBCE800D0E0F7 /* CircularProfileImageView.swift */; };
		F3C91E2D2AEEC83D00D0E0F7 /* ChatView.swift in Sources */ = {isa = PBXBuildFile; fileRef = F3C91E2C2AEEC83D00D0E0F7 /* ChatView.swift */; };
		F3C91E312AEEC85800D0E0F7 /* ChatViewModel.swift in Sources */ = {isa = PBXBuildFile; fileRef = F3C91E302AEEC85800D0E0F7 /* ChatViewModel.swift */; };
		F3C91E342AEECD4C00D0E0F7 /* ChatMessageCell.swift in Sources */ = {isa = PBXBuildFile; fileRef = F3C91E332AEECD4C00D0E0F7 /* ChatMessageCell.swift */; };
		F3C91E362AEED06F00D0E0F7 /* ChatBubble.swift in Sources */ = {isa = PBXBuildFile; fileRef = F3C91E352AEED06F00D0E0F7 /* ChatBubble.swift */; };
		F3CB10882AEABB5000B72222 /* DefaultInputText.swift in Sources */ = {isa = PBXBuildFile; fileRef = F3CB10872AEABB5000B72222 /* DefaultInputText.swift */; };
		F3CB108B2AEAC1B000B72222 /* LoginViewModel.swift in Sources */ = {isa = PBXBuildFile; fileRef = F3CB108A2AEAC1B000B72222 /* LoginViewModel.swift */; };
		F3CB108D2AEAC2DE00B72222 /* UiModifier.swift in Sources */ = {isa = PBXBuildFile; fileRef = F3CB108C2AEAC2DE00B72222 /* UiModifier.swift */; };
		F3CB108F2AEAD07C00B72222 /* Utility.swift in Sources */ = {isa = PBXBuildFile; fileRef = F3CB108E2AEAD07C00B72222 /* Utility.swift */; };
		F3F46FAC2AF6A81400E445C6 /* ContentViewModel.swift in Sources */ = {isa = PBXBuildFile; fileRef = F3F46FAB2AF6A81400E445C6 /* ContentViewModel.swift */; };
		F3F835552AF16CF500410E91 /* CustomAlert.swift in Sources */ = {isa = PBXBuildFile; fileRef = F3F835542AF16CF500410E91 /* CustomAlert.swift */; };
		F3F8355A2AF1702900410E91 /* CustomLoadingIndicator.swift in Sources */ = {isa = PBXBuildFile; fileRef = F3F835592AF1702900410E91 /* CustomLoadingIndicator.swift */; };
		F3F8355C2AF173CA00410E91 /* AlertViewModifier.swift in Sources */ = {isa = PBXBuildFile; fileRef = F3F8355B2AF173CA00410E91 /* AlertViewModifier.swift */; };
/* End PBXBuildFile section */

/* Begin PBXFileReference section */
		F34D0AA82AED543700B7FF11 /* NewMessageView.swift */ = {isa = PBXFileReference; lastKnownFileType = sourcecode.swift; path = NewMessageView.swift; sourceTree = "<group>"; };
		F34D0AAB2AED554A00B7FF11 /* NewMessageViewModel.swift */ = {isa = PBXFileReference; lastKnownFileType = sourcecode.swift; path = NewMessageViewModel.swift; sourceTree = "<group>"; };
		F34D0AAD2AED701900B7FF11 /* SingleNewMessageItemRow.swift */ = {isa = PBXFileReference; lastKnownFileType = sourcecode.swift; path = SingleNewMessageItemRow.swift; sourceTree = "<group>"; };
		F356793D2AEA97A000A30FA5 /* DemoChatApp.app */ = {isa = PBXFileReference; explicitFileType = wrapper.application; includeInIndex = 0; path = DemoChatApp.app; sourceTree = BUILT_PRODUCTS_DIR; };
		F35679402AEA97A000A30FA5 /* DemoChatAppApp.swift */ = {isa = PBXFileReference; lastKnownFileType = sourcecode.swift; path = DemoChatAppApp.swift; sourceTree = "<group>"; };
		F35679422AEA97A000A30FA5 /* ContentView.swift */ = {isa = PBXFileReference; lastKnownFileType = sourcecode.swift; path = ContentView.swift; sourceTree = "<group>"; };
		F35679442AEA97A100A30FA5 /* Assets.xcassets */ = {isa = PBXFileReference; lastKnownFileType = folder.assetcatalog; path = Assets.xcassets; sourceTree = "<group>"; };
		F35679472AEA97A100A30FA5 /* Preview Assets.xcassets */ = {isa = PBXFileReference; lastKnownFileType = folder.assetcatalog; path = "Preview Assets.xcassets"; sourceTree = "<group>"; };
		F35679532AEA981000A30FA5 /* LoginView.swift */ = {isa = PBXFileReference; lastKnownFileType = sourcecode.swift; path = LoginView.swift; sourceTree = "<group>"; };
		F35679582AEA98F200A30FA5 /* FontModifier.swift */ = {isa = PBXFileReference; lastKnownFileType = sourcecode.swift; path = FontModifier.swift; sourceTree = "<group>"; };
		F356795A2AEAA0E400A30FA5 /* Constants.swift */ = {isa = PBXFileReference; lastKnownFileType = sourcecode.swift; path = Constants.swift; sourceTree = "<group>"; };
		F359726B2AED439C00967502 /* InboxRowView.swift */ = {isa = PBXFileReference; lastKnownFileType = sourcecode.swift; path = InboxRowView.swift; sourceTree = "<group>"; };
		F362CD632AF7BC7E0055A49E /* Message.swift */ = {isa = PBXFileReference; lastKnownFileType = sourcecode.swift; path = Message.swift; sourceTree = "<group>"; };
		F362CD652AF7BE160055A49E /* MessageService.swift */ = {isa = PBXFileReference; lastKnownFileType = sourcecode.swift; path = MessageService.swift; sourceTree = "<group>"; };
		F3982AC52AF1539C00701854 /* GoogleService-Info.plist */ = {isa = PBXFileReference; fileEncoding = 4; lastKnownFileType = text.plist.xml; path = "GoogleService-Info.plist"; sourceTree = "<group>"; };
		F3982AC82AF1548C00701854 /* AuthService.swift */ = {isa = PBXFileReference; lastKnownFileType = sourcecode.swift; path = AuthService.swift; sourceTree = "<group>"; };
		F39BE6A42AF732B400CB119F /* UserService.swift */ = {isa = PBXFileReference; lastKnownFileType = sourcecode.swift; path = UserService.swift; sourceTree = "<group>"; };
		F39BE6A82AF73AB700CB119F /* InboxViewModel.swift */ = {isa = PBXFileReference; lastKnownFileType = sourcecode.swift; path = InboxViewModel.swift; sourceTree = "<group>"; };
		F3B9763E2AEBE91300B408CD /* RegistrationViewModel.swift */ = {isa = PBXFileReference; lastKnownFileType = sourcecode.swift; path = RegistrationViewModel.swift; sourceTree = "<group>"; };
		F3B976402AEBE93E00B408CD /* RegistrationView.swift */ = {isa = PBXFileReference; lastKnownFileType = sourcecode.swift; path = RegistrationView.swift; sourceTree = "<group>"; };
		F3B976432AEBEA0A00B408CD /* InputTextWithBG.swift */ = {isa = PBXFileReference; lastKnownFileType = sourcecode.swift; path = InputTextWithBG.swift; sourceTree = "<group>"; };
		F3B976482AEBF18F00B408CD /* InboxView.swift */ = {isa = PBXFileReference; lastKnownFileType = sourcecode.swift; path = InboxView.swift; sourceTree = "<group>"; };
		F3B9764A2AEBF46100B408CD /* ActiveNowView.swift */ = {isa = PBXFileReference; lastKnownFileType = sourcecode.swift; path = ActiveNowView.swift; sourceTree = "<group>"; };
		F3C91E1D2AEE87DC00D0E0F7 /* ProfileView.swift */ = {isa = PBXFileReference; lastKnownFileType = sourcecode.swift; path = ProfileView.swift; sourceTree = "<group>"; };
		F3C91E1F2AEE8DB300D0E0F7 /* SettingOptionViewModel.swift */ = {isa = PBXFileReference; lastKnownFileType = sourcecode.swift; path = SettingOptionViewModel.swift; sourceTree = "<group>"; };
		F3C91E212AEEAB5800D0E0F7 /* ProfileViewModel.swift */ = {isa = PBXFileReference; lastKnownFileType = sourcecode.swift; path = ProfileViewModel.swift; sourceTree = "<group>"; };
		F3C91E242AEEB21500D0E0F7 /* User.swift */ = {isa = PBXFileReference; lastKnownFileType = sourcecode.swift; path = User.swift; sourceTree = "<group>"; };
		F3C91E272AEEBCE800D0E0F7 /* CircularProfileImageView.swift */ = {isa = PBXFileReference; lastKnownFileType = sourcecode.swift; path = CircularProfileImageView.swift; sourceTree = "<group>"; };
		F3C91E2C2AEEC83D00D0E0F7 /* ChatView.swift */ = {isa = PBXFileReference; lastKnownFileType = sourcecode.swift; path = ChatView.swift; sourceTree = "<group>"; };
		F3C91E302AEEC85800D0E0F7 /* ChatViewModel.swift */ = {isa = PBXFileReference; lastKnownFileType = sourcecode.swift; path = ChatViewModel.swift; sourceTree = "<group>"; };
		F3C91E332AEECD4C00D0E0F7 /* ChatMessageCell.swift */ = {isa = PBXFileReference; lastKnownFileType = sourcecode.swift; path = ChatMessageCell.swift; sourceTree = "<group>"; };
		F3C91E352AEED06F00D0E0F7 /* ChatBubble.swift */ = {isa = PBXFileReference; lastKnownFileType = sourcecode.swift; path = ChatBubble.swift; sourceTree = "<group>"; };
		F3CB10872AEABB5000B72222 /* DefaultInputText.swift */ = {isa = PBXFileReference; lastKnownFileType = sourcecode.swift; path = DefaultInputText.swift; sourceTree = "<group>"; };
		F3CB108A2AEAC1B000B72222 /* LoginViewModel.swift */ = {isa = PBXFileReference; lastKnownFileType = sourcecode.swift; path = LoginViewModel.swift; sourceTree = "<group>"; };
		F3CB108C2AEAC2DE00B72222 /* UiModifier.swift */ = {isa = PBXFileReference; lastKnownFileType = sourcecode.swift; path = UiModifier.swift; sourceTree = "<group>"; };
		F3CB108E2AEAD07C00B72222 /* Utility.swift */ = {isa = PBXFileReference; lastKnownFileType = sourcecode.swift; path = Utility.swift; sourceTree = "<group>"; };
		F3F46FAB2AF6A81400E445C6 /* ContentViewModel.swift */ = {isa = PBXFileReference; lastKnownFileType = sourcecode.swift; path = ContentViewModel.swift; sourceTree = "<group>"; };
		F3F835542AF16CF500410E91 /* CustomAlert.swift */ = {isa = PBXFileReference; lastKnownFileType = sourcecode.swift; path = CustomAlert.swift; sourceTree = "<group>"; };
		F3F835592AF1702900410E91 /* CustomLoadingIndicator.swift */ = {isa = PBXFileReference; lastKnownFileType = sourcecode.swift; path = CustomLoadingIndicator.swift; sourceTree = "<group>"; };
		F3F8355B2AF173CA00410E91 /* AlertViewModifier.swift */ = {isa = PBXFileReference; lastKnownFileType = sourcecode.swift; path = AlertViewModifier.swift; sourceTree = "<group>"; };
/* End PBXFileReference section */

/* Begin PBXFrameworksBuildPhase section */
		F356793A2AEA97A000A30FA5 /* Frameworks */ = {
			isa = PBXFrameworksBuildPhase;
			buildActionMask = 2147483647;
			files = (
				F3982ABE2AF14E6000701854 /* FirebaseAuth in Frameworks */,
				F3982AC42AF14E6000701854 /* FirebaseStorage in Frameworks */,
				F3982AC02AF14E6000701854 /* FirebaseFirestore in Frameworks */,
				F3982AC22AF14E6000701854 /* FirebaseFirestoreSwift in Frameworks */,
			);
			runOnlyForDeploymentPostprocessing = 0;
		};
/* End PBXFrameworksBuildPhase section */

/* Begin PBXGroup section */
		F34D0AA62AED541D00B7FF11 /* New Message */ = {
			isa = PBXGroup;
			children = (
				F34D0AAA2AED552E00B7FF11 /* ViewModel */,
				F34D0AA72AED542700B7FF11 /* View */,
			);
			path = "New Message";
			sourceTree = "<group>";
		};
		F34D0AA72AED542700B7FF11 /* View */ = {
			isa = PBXGroup;
			children = (
				F34D0AA82AED543700B7FF11 /* NewMessageView.swift */,
				F34D0AAD2AED701900B7FF11 /* SingleNewMessageItemRow.swift */,
			);
			path = View;
			sourceTree = "<group>";
		};
		F34D0AAA2AED552E00B7FF11 /* ViewModel */ = {
			isa = PBXGroup;
			children = (
				F34D0AAB2AED554A00B7FF11 /* NewMessageViewModel.swift */,
			);
			path = ViewModel;
			sourceTree = "<group>";
		};
		F35679342AEA97A000A30FA5 = {
			isa = PBXGroup;
			children = (
				F356793F2AEA97A000A30FA5 /* DemoChatApp */,
				F356793E2AEA97A000A30FA5 /* Products */,
			);
			sourceTree = "<group>";
		};
		F356793E2AEA97A000A30FA5 /* Products */ = {
			isa = PBXGroup;
			children = (
				F356793D2AEA97A000A30FA5 /* DemoChatApp.app */,
			);
			name = Products;
			sourceTree = "<group>";
		};
		F356793F2AEA97A000A30FA5 /* DemoChatApp */ = {
			isa = PBXGroup;
			children = (
				F3982AC52AF1539C00701854 /* GoogleService-Info.plist */,
				F356794F2AEA97CA00A30FA5 /* App */,
				F3982AC72AF1547F00701854 /* Service */,
				F356794E2AEA97B600A30FA5 /* Core */,
				F3C91E232AEEB20800D0E0F7 /* Model */,
				F35679562AEA988100A30FA5 /* Utility */,
				F35679442AEA97A100A30FA5 /* Assets.xcassets */,
				F35679462AEA97A100A30FA5 /* Preview Content */,
			);
			path = DemoChatApp;
			sourceTree = "<group>";
		};
		F35679462AEA97A100A30FA5 /* Preview Content */ = {
			isa = PBXGroup;
			children = (
				F35679472AEA97A100A30FA5 /* Preview Assets.xcassets */,
			);
			path = "Preview Content";
			sourceTree = "<group>";
		};
		F356794E2AEA97B600A30FA5 /* Core */ = {
			isa = PBXGroup;
			children = (
				F3F46FA82AF6A7F500E445C6 /* Root */,
				F3B9763A2AEBE8D700B408CD /* Authentication */,
				F3C91E292AEEC82500D0E0F7 /* ChatView */,
				F3C91E262AEEBCD000D0E0F7 /* Components */,
				F3B976452AEBF17800B408CD /* Inbox */,
				F34D0AA62AED541D00B7FF11 /* New Message */,
				F3C91E1A2AEE876E00D0E0F7 /* Profile */,
			);
			path = Core;
			sourceTree = "<group>";
		};
		F356794F2AEA97CA00A30FA5 /* App */ = {
			isa = PBXGroup;
			children = (
				F35679402AEA97A000A30FA5 /* DemoChatAppApp.swift */,
			);
			path = App;
			sourceTree = "<group>";
		};
		F35679502AEA97ED00A30FA5 /* Login */ = {
			isa = PBXGroup;
			children = (
				F35679512AEA97F100A30FA5 /* View */,
				F35679522AEA97F600A30FA5 /* ViewModel */,
			);
			path = Login;
			sourceTree = "<group>";
		};
		F35679512AEA97F100A30FA5 /* View */ = {
			isa = PBXGroup;
			children = (
				F35679532AEA981000A30FA5 /* LoginView.swift */,
			);
			path = View;
			sourceTree = "<group>";
		};
		F35679522AEA97F600A30FA5 /* ViewModel */ = {
			isa = PBXGroup;
			children = (
				F3CB108A2AEAC1B000B72222 /* LoginViewModel.swift */,
			);
			path = ViewModel;
			sourceTree = "<group>";
		};
		F35679562AEA988100A30FA5 /* Utility */ = {
			isa = PBXGroup;
			children = (
				F3CB10852AEABB1D00B72222 /* Common View */,
				F35679572AEA989300A30FA5 /* Modifier */,
				F356795A2AEAA0E400A30FA5 /* Constants.swift */,
				F3CB108E2AEAD07C00B72222 /* Utility.swift */,
			);
			path = Utility;
			sourceTree = "<group>";
		};
		F35679572AEA989300A30FA5 /* Modifier */ = {
			isa = PBXGroup;
			children = (
				F35679582AEA98F200A30FA5 /* FontModifier.swift */,
				F3CB108C2AEAC2DE00B72222 /* UiModifier.swift */,
				F3F8355B2AF173CA00410E91 /* AlertViewModifier.swift */,
			);
			path = Modifier;
			sourceTree = "<group>";
		};
		F3982AC72AF1547F00701854 /* Service */ = {
			isa = PBXGroup;
			children = (
				F3982AC82AF1548C00701854 /* AuthService.swift */,
				F39BE6A42AF732B400CB119F /* UserService.swift */,
				F362CD652AF7BE160055A49E /* MessageService.swift */,
			);
			path = Service;
			sourceTree = "<group>";
		};
		F39BE6A72AF73AA600CB119F /* ViewModel */ = {
			isa = PBXGroup;
			children = (
				F39BE6A82AF73AB700CB119F /* InboxViewModel.swift */,
			);
			path = ViewModel;
			sourceTree = "<group>";
		};
		F3B9763A2AEBE8D700B408CD /* Authentication */ = {
			isa = PBXGroup;
			children = (
				F35679502AEA97ED00A30FA5 /* Login */,
				F3B9763B2AEBE8F300B408CD /* Registration */,
			);
			path = Authentication;
			sourceTree = "<group>";
		};
		F3B9763B2AEBE8F300B408CD /* Registration */ = {
			isa = PBXGroup;
			children = (
				F3B9763D2AEBE90000B408CD /* ViewModel */,
				F3B9763C2AEBE8FB00B408CD /* View */,
			);
			path = Registration;
			sourceTree = "<group>";
		};
		F3B9763C2AEBE8FB00B408CD /* View */ = {
			isa = PBXGroup;
			children = (
				F3B976402AEBE93E00B408CD /* RegistrationView.swift */,
			);
			path = View;
			sourceTree = "<group>";
		};
		F3B9763D2AEBE90000B408CD /* ViewModel */ = {
			isa = PBXGroup;
			children = (
				F3B9763E2AEBE91300B408CD /* RegistrationViewModel.swift */,
			);
			path = ViewModel;
			sourceTree = "<group>";
		};
		F3B976422AEBE97100B408CD /* InputTextWithBG */ = {
			isa = PBXGroup;
			children = (
				F3B976432AEBEA0A00B408CD /* InputTextWithBG.swift */,
			);
			path = InputTextWithBG;
			sourceTree = "<group>";
		};
		F3B976452AEBF17800B408CD /* Inbox */ = {
			isa = PBXGroup;
			children = (
				F39BE6A72AF73AA600CB119F /* ViewModel */,
				F3B976462AEBF17E00B408CD /* View */,
			);
			path = Inbox;
			sourceTree = "<group>";
		};
		F3B976462AEBF17E00B408CD /* View */ = {
			isa = PBXGroup;
			children = (
				F3B976482AEBF18F00B408CD /* InboxView.swift */,
				F3B9764A2AEBF46100B408CD /* ActiveNowView.swift */,
				F359726B2AED439C00967502 /* InboxRowView.swift */,
			);
			path = View;
			sourceTree = "<group>";
		};
		F3C91E1A2AEE876E00D0E0F7 /* Profile */ = {
			isa = PBXGroup;
			children = (
				F3C91E1C2AEE87CC00D0E0F7 /* ViewModel */,
				F3C91E1B2AEE87C600D0E0F7 /* View */,
			);
			path = Profile;
			sourceTree = "<group>";
		};
		F3C91E1B2AEE87C600D0E0F7 /* View */ = {
			isa = PBXGroup;
			children = (
				F3C91E1D2AEE87DC00D0E0F7 /* ProfileView.swift */,
			);
			path = View;
			sourceTree = "<group>";
		};
		F3C91E1C2AEE87CC00D0E0F7 /* ViewModel */ = {
			isa = PBXGroup;
			children = (
				F3C91E1F2AEE8DB300D0E0F7 /* SettingOptionViewModel.swift */,
				F3C91E212AEEAB5800D0E0F7 /* ProfileViewModel.swift */,
			);
			path = ViewModel;
			sourceTree = "<group>";
		};
		F3C91E232AEEB20800D0E0F7 /* Model */ = {
			isa = PBXGroup;
			children = (
				F3C91E242AEEB21500D0E0F7 /* User.swift */,
				F362CD632AF7BC7E0055A49E /* Message.swift */,
			);
			path = Model;
			sourceTree = "<group>";
		};
		F3C91E262AEEBCD000D0E0F7 /* Components */ = {
			isa = PBXGroup;
			children = (
				F3F835582AF1701600410E91 /* Custom Loading Indicator */,
				F3F835532AF16CD100410E91 /* Custom Alert */,
				F3C91E272AEEBCE800D0E0F7 /* CircularProfileImageView.swift */,
			);
			path = Components;
			sourceTree = "<group>";
		};
		F3C91E292AEEC82500D0E0F7 /* ChatView */ = {
			isa = PBXGroup;
			children = (
				F3C91E2E2AEEC84000D0E0F7 /* ViewModel */,
				F3C91E2B2AEEC83100D0E0F7 /* View */,
			);
			path = ChatView;
			sourceTree = "<group>";
		};
		F3C91E2B2AEEC83100D0E0F7 /* View */ = {
			isa = PBXGroup;
			children = (
				F3C91E2C2AEEC83D00D0E0F7 /* ChatView.swift */,
				F3C91E332AEECD4C00D0E0F7 /* ChatMessageCell.swift */,
				F3C91E352AEED06F00D0E0F7 /* ChatBubble.swift */,
			);
			path = View;
			sourceTree = "<group>";
		};
		F3C91E2E2AEEC84000D0E0F7 /* ViewModel */ = {
			isa = PBXGroup;
			children = (
				F3C91E302AEEC85800D0E0F7 /* ChatViewModel.swift */,
			);
			path = ViewModel;
			sourceTree = "<group>";
		};
		F3CB10852AEABB1D00B72222 /* Common View */ = {
			isa = PBXGroup;
			children = (
				F3B976422AEBE97100B408CD /* InputTextWithBG */,
				F3CB10862AEABB2800B72222 /* Default Input Text */,
			);
			path = "Common View";
			sourceTree = "<group>";
		};
		F3CB10862AEABB2800B72222 /* Default Input Text */ = {
			isa = PBXGroup;
			children = (
				F3CB10872AEABB5000B72222 /* DefaultInputText.swift */,
			);
			path = "Default Input Text";
			sourceTree = "<group>";
		};
		F3F46FA82AF6A7F500E445C6 /* Root */ = {
			isa = PBXGroup;
			children = (
				F3F46FAA2AF6A80100E445C6 /* View */,
				F3F46FA92AF6A7FB00E445C6 /* ViewModel */,
			);
			path = Root;
			sourceTree = "<group>";
		};
		F3F46FA92AF6A7FB00E445C6 /* ViewModel */ = {
			isa = PBXGroup;
			children = (
				F3F46FAB2AF6A81400E445C6 /* ContentViewModel.swift */,
			);
			path = ViewModel;
			sourceTree = "<group>";
		};
		F3F46FAA2AF6A80100E445C6 /* View */ = {
			isa = PBXGroup;
			children = (
				F35679422AEA97A000A30FA5 /* ContentView.swift */,
			);
			path = View;
			sourceTree = "<group>";
		};
		F3F835532AF16CD100410E91 /* Custom Alert */ = {
			isa = PBXGroup;
			children = (
				F3F835542AF16CF500410E91 /* CustomAlert.swift */,
			);
			path = "Custom Alert";
			sourceTree = "<group>";
		};
		F3F835582AF1701600410E91 /* Custom Loading Indicator */ = {
			isa = PBXGroup;
			children = (
				F3F835592AF1702900410E91 /* CustomLoadingIndicator.swift */,
			);
			path = "Custom Loading Indicator";
			sourceTree = "<group>";
		};
/* End PBXGroup section */

/* Begin PBXNativeTarget section */
		F356793C2AEA97A000A30FA5 /* DemoChatApp */ = {
			isa = PBXNativeTarget;
			buildConfigurationList = F356794B2AEA97A100A30FA5 /* Build configuration list for PBXNativeTarget "DemoChatApp" */;
			buildPhases = (
				F35679392AEA97A000A30FA5 /* Sources */,
				F356793A2AEA97A000A30FA5 /* Frameworks */,
				F356793B2AEA97A000A30FA5 /* Resources */,
			);
			buildRules = (
			);
			dependencies = (
			);
			name = DemoChatApp;
			packageProductDependencies = (
				F3982ABD2AF14E6000701854 /* FirebaseAuth */,
				F3982ABF2AF14E6000701854 /* FirebaseFirestore */,
				F3982AC12AF14E6000701854 /* FirebaseFirestoreSwift */,
				F3982AC32AF14E6000701854 /* FirebaseStorage */,
			);
			productName = DemoChatApp;
			productReference = F356793D2AEA97A000A30FA5 /* DemoChatApp.app */;
			productType = "com.apple.product-type.application";
		};
/* End PBXNativeTarget section */

/* Begin PBXProject section */
		F35679352AEA97A000A30FA5 /* Project object */ = {
			isa = PBXProject;
			attributes = {
				BuildIndependentTargetsInParallel = 1;
				LastSwiftUpdateCheck = 1400;
				LastUpgradeCheck = 1400;
				TargetAttributes = {
					F356793C2AEA97A000A30FA5 = {
						CreatedOnToolsVersion = 14.0;
					};
				};
			};
			buildConfigurationList = F35679382AEA97A000A30FA5 /* Build configuration list for PBXProject "DemoChatApp" */;
			compatibilityVersion = "Xcode 14.0";
			developmentRegion = en;
			hasScannedForEncodings = 0;
			knownRegions = (
				en,
				Base,
			);
			mainGroup = F35679342AEA97A000A30FA5;
			packageReferences = (
				F3982ABC2AF14E6000701854 /* XCRemoteSwiftPackageReference "firebase-ios-sdk" */,
			);
			productRefGroup = F356793E2AEA97A000A30FA5 /* Products */;
			projectDirPath = "";
			projectRoot = "";
			targets = (
				F356793C2AEA97A000A30FA5 /* DemoChatApp */,
			);
		};
/* End PBXProject section */

/* Begin PBXResourcesBuildPhase section */
		F356793B2AEA97A000A30FA5 /* Resources */ = {
			isa = PBXResourcesBuildPhase;
			buildActionMask = 2147483647;
			files = (
				F35679482AEA97A100A30FA5 /* Preview Assets.xcassets in Resources */,
				F35679452AEA97A100A30FA5 /* Assets.xcassets in Resources */,
				F3982AC62AF1539C00701854 /* GoogleService-Info.plist in Resources */,
			);
			runOnlyForDeploymentPostprocessing = 0;
		};
/* End PBXResourcesBuildPhase section */

/* Begin PBXSourcesBuildPhase section */
		F35679392AEA97A000A30FA5 /* Sources */ = {
			isa = PBXSourcesBuildPhase;
			buildActionMask = 2147483647;
			files = (
				F3B976412AEBE93E00B408CD /* RegistrationView.swift in Sources */,
				F3F8355C2AF173CA00410E91 /* AlertViewModifier.swift in Sources */,
				F3B9764B2AEBF46100B408CD /* ActiveNowView.swift in Sources */,
				F34D0AAE2AED701900B7FF11 /* SingleNewMessageItemRow.swift in Sources */,
				F3CB108D2AEAC2DE00B72222 /* UiModifier.swift in Sources */,
				F3C91E2D2AEEC83D00D0E0F7 /* ChatView.swift in Sources */,
				F3C91E282AEEBCE800D0E0F7 /* CircularProfileImageView.swift in Sources */,
				F3B976492AEBF18F00B408CD /* InboxView.swift in Sources */,
				F356795B2AEAA0E400A30FA5 /* Constants.swift in Sources */,
				F3C91E222AEEAB5800D0E0F7 /* ProfileViewModel.swift in Sources */,
				F3CB108F2AEAD07C00B72222 /* Utility.swift in Sources */,
				F34D0AAC2AED554A00B7FF11 /* NewMessageViewModel.swift in Sources */,
				F35679542AEA981000A30FA5 /* LoginView.swift in Sources */,
				F362CD662AF7BE160055A49E /* MessageService.swift in Sources */,
				F3C91E252AEEB21500D0E0F7 /* User.swift in Sources */,
				F3C91E312AEEC85800D0E0F7 /* ChatViewModel.swift in Sources */,
				F359726C2AED439C00967502 /* InboxRowView.swift in Sources */,
				F3C91E202AEE8DB300D0E0F7 /* SettingOptionViewModel.swift in Sources */,
				F39BE6A52AF732B400CB119F /* UserService.swift in Sources */,
				F3C91E362AEED06F00D0E0F7 /* ChatBubble.swift in Sources */,
				F39BE6A92AF73AB700CB119F /* InboxViewModel.swift in Sources */,
				F35679432AEA97A000A30FA5 /* ContentView.swift in Sources */,
				F3F835552AF16CF500410E91 /* CustomAlert.swift in Sources */,
				F34D0AA92AED543700B7FF11 /* NewMessageView.swift in Sources */,
				F3B9763F2AEBE91300B408CD /* RegistrationViewModel.swift in Sources */,
				F3C91E342AEECD4C00D0E0F7 /* ChatMessageCell.swift in Sources */,
				F35679412AEA97A000A30FA5 /* DemoChatAppApp.swift in Sources */,
				F3F46FAC2AF6A81400E445C6 /* ContentViewModel.swift in Sources */,
				F362CD642AF7BC7E0055A49E /* Message.swift in Sources */,
				F35679592AEA98F200A30FA5 /* FontModifier.swift in Sources */,
				F3CB10882AEABB5000B72222 /* DefaultInputText.swift in Sources */,
				F3C91E1E2AEE87DC00D0E0F7 /* ProfileView.swift in Sources */,
				F3B976442AEBEA0A00B408CD /* InputTextWithBG.swift in Sources */,
				F3F8355A2AF1702900410E91 /* CustomLoadingIndicator.swift in Sources */,
				F3CB108B2AEAC1B000B72222 /* LoginViewModel.swift in Sources */,
				F3982AC92AF1548C00701854 /* AuthService.swift in Sources */,
			);
			runOnlyForDeploymentPostprocessing = 0;
		};
/* End PBXSourcesBuildPhase section */

/* Begin XCBuildConfiguration section */
		F35679492AEA97A100A30FA5 /* Debug */ = {
			isa = XCBuildConfiguration;
			buildSettings = {
				ALWAYS_SEARCH_USER_PATHS = NO;
				CLANG_ANALYZER_NONNULL = YES;
				CLANG_ANALYZER_NUMBER_OBJECT_CONVERSION = YES_AGGRESSIVE;
				CLANG_CXX_LANGUAGE_STANDARD = "gnu++20";
				CLANG_ENABLE_MODULES = YES;
				CLANG_ENABLE_OBJC_ARC = YES;
				CLANG_ENABLE_OBJC_WEAK = YES;
				CLANG_WARN_BLOCK_CAPTURE_AUTORELEASING = YES;
				CLANG_WARN_BOOL_CONVERSION = YES;
				CLANG_WARN_COMMA = YES;
				CLANG_WARN_CONSTANT_CONVERSION = YES;
				CLANG_WARN_DEPRECATED_OBJC_IMPLEMENTATIONS = YES;
				CLANG_WARN_DIRECT_OBJC_ISA_USAGE = YES_ERROR;
				CLANG_WARN_DOCUMENTATION_COMMENTS = YES;
				CLANG_WARN_EMPTY_BODY = YES;
				CLANG_WARN_ENUM_CONVERSION = YES;
				CLANG_WARN_INFINITE_RECURSION = YES;
				CLANG_WARN_INT_CONVERSION = YES;
				CLANG_WARN_NON_LITERAL_NULL_CONVERSION = YES;
				CLANG_WARN_OBJC_IMPLICIT_RETAIN_SELF = YES;
				CLANG_WARN_OBJC_LITERAL_CONVERSION = YES;
				CLANG_WARN_OBJC_ROOT_CLASS = YES_ERROR;
				CLANG_WARN_QUOTED_INCLUDE_IN_FRAMEWORK_HEADER = YES;
				CLANG_WARN_RANGE_LOOP_ANALYSIS = YES;
				CLANG_WARN_STRICT_PROTOTYPES = YES;
				CLANG_WARN_SUSPICIOUS_MOVE = YES;
				CLANG_WARN_UNGUARDED_AVAILABILITY = YES_AGGRESSIVE;
				CLANG_WARN_UNREACHABLE_CODE = YES;
				CLANG_WARN__DUPLICATE_METHOD_MATCH = YES;
				COPY_PHASE_STRIP = NO;
				DEBUG_INFORMATION_FORMAT = dwarf;
				ENABLE_STRICT_OBJC_MSGSEND = YES;
				ENABLE_TESTABILITY = YES;
				GCC_C_LANGUAGE_STANDARD = gnu11;
				GCC_DYNAMIC_NO_PIC = NO;
				GCC_NO_COMMON_BLOCKS = YES;
				GCC_OPTIMIZATION_LEVEL = 0;
				GCC_PREPROCESSOR_DEFINITIONS = (
					"DEBUG=1",
					"$(inherited)",
				);
				GCC_WARN_64_TO_32_BIT_CONVERSION = YES;
				GCC_WARN_ABOUT_RETURN_TYPE = YES_ERROR;
				GCC_WARN_UNDECLARED_SELECTOR = YES;
				GCC_WARN_UNINITIALIZED_AUTOS = YES_AGGRESSIVE;
				GCC_WARN_UNUSED_FUNCTION = YES;
				GCC_WARN_UNUSED_VARIABLE = YES;
				IPHONEOS_DEPLOYMENT_TARGET = 16.0;
				MTL_ENABLE_DEBUG_INFO = INCLUDE_SOURCE;
				MTL_FAST_MATH = YES;
				ONLY_ACTIVE_ARCH = YES;
				SDKROOT = iphoneos;
				SWIFT_ACTIVE_COMPILATION_CONDITIONS = DEBUG;
				SWIFT_OPTIMIZATION_LEVEL = "-Onone";
			};
			name = Debug;
		};
		F356794A2AEA97A100A30FA5 /* Release */ = {
			isa = XCBuildConfiguration;
			buildSettings = {
				ALWAYS_SEARCH_USER_PATHS = NO;
				CLANG_ANALYZER_NONNULL = YES;
				CLANG_ANALYZER_NUMBER_OBJECT_CONVERSION = YES_AGGRESSIVE;
				CLANG_CXX_LANGUAGE_STANDARD = "gnu++20";
				CLANG_ENABLE_MODULES = YES;
				CLANG_ENABLE_OBJC_ARC = YES;
				CLANG_ENABLE_OBJC_WEAK = YES;
				CLANG_WARN_BLOCK_CAPTURE_AUTORELEASING = YES;
				CLANG_WARN_BOOL_CONVERSION = YES;
				CLANG_WARN_COMMA = YES;
				CLANG_WARN_CONSTANT_CONVERSION = YES;
				CLANG_WARN_DEPRECATED_OBJC_IMPLEMENTATIONS = YES;
				CLANG_WARN_DIRECT_OBJC_ISA_USAGE = YES_ERROR;
				CLANG_WARN_DOCUMENTATION_COMMENTS = YES;
				CLANG_WARN_EMPTY_BODY = YES;
				CLANG_WARN_ENUM_CONVERSION = YES;
				CLANG_WARN_INFINITE_RECURSION = YES;
				CLANG_WARN_INT_CONVERSION = YES;
				CLANG_WARN_NON_LITERAL_NULL_CONVERSION = YES;
				CLANG_WARN_OBJC_IMPLICIT_RETAIN_SELF = YES;
				CLANG_WARN_OBJC_LITERAL_CONVERSION = YES;
				CLANG_WARN_OBJC_ROOT_CLASS = YES_ERROR;
				CLANG_WARN_QUOTED_INCLUDE_IN_FRAMEWORK_HEADER = YES;
				CLANG_WARN_RANGE_LOOP_ANALYSIS = YES;
				CLANG_WARN_STRICT_PROTOTYPES = YES;
				CLANG_WARN_SUSPICIOUS_MOVE = YES;
				CLANG_WARN_UNGUARDED_AVAILABILITY = YES_AGGRESSIVE;
				CLANG_WARN_UNREACHABLE_CODE = YES;
				CLANG_WARN__DUPLICATE_METHOD_MATCH = YES;
				COPY_PHASE_STRIP = NO;
				DEBUG_INFORMATION_FORMAT = "dwarf-with-dsym";
				ENABLE_NS_ASSERTIONS = NO;
				ENABLE_STRICT_OBJC_MSGSEND = YES;
				GCC_C_LANGUAGE_STANDARD = gnu11;
				GCC_NO_COMMON_BLOCKS = YES;
				GCC_WARN_64_TO_32_BIT_CONVERSION = YES;
				GCC_WARN_ABOUT_RETURN_TYPE = YES_ERROR;
				GCC_WARN_UNDECLARED_SELECTOR = YES;
				GCC_WARN_UNINITIALIZED_AUTOS = YES_AGGRESSIVE;
				GCC_WARN_UNUSED_FUNCTION = YES;
				GCC_WARN_UNUSED_VARIABLE = YES;
				IPHONEOS_DEPLOYMENT_TARGET = 16.0;
				MTL_ENABLE_DEBUG_INFO = NO;
				MTL_FAST_MATH = YES;
				SDKROOT = iphoneos;
				SWIFT_COMPILATION_MODE = wholemodule;
				SWIFT_OPTIMIZATION_LEVEL = "-O";
				VALIDATE_PRODUCT = YES;
			};
			name = Release;
		};
		F356794C2AEA97A100A30FA5 /* Debug */ = {
			isa = XCBuildConfiguration;
			buildSettings = {
				ASSETCATALOG_COMPILER_APPICON_NAME = AppIcon;
				ASSETCATALOG_COMPILER_GLOBAL_ACCENT_COLOR_NAME = AccentColor;
				CODE_SIGN_IDENTITY = "Apple Development";
				CODE_SIGN_STYLE = Automatic;
				CURRENT_PROJECT_VERSION = 1;
				DEVELOPMENT_ASSET_PATHS = "\"DemoChatApp/Preview Content\"";
				DEVELOPMENT_TEAM = N7V5S5PJV4;
				ENABLE_PREVIEWS = YES;
				GENERATE_INFOPLIST_FILE = YES;
				INFOPLIST_KEY_UIApplicationSceneManifest_Generation = YES;
				INFOPLIST_KEY_UIApplicationSupportsIndirectInputEvents = YES;
				INFOPLIST_KEY_UILaunchScreen_Generation = YES;
				INFOPLIST_KEY_UISupportedInterfaceOrientations_iPad = "UIInterfaceOrientationPortrait UIInterfaceOrientationPortraitUpsideDown UIInterfaceOrientationLandscapeLeft UIInterfaceOrientationLandscapeRight";
				INFOPLIST_KEY_UISupportedInterfaceOrientations_iPhone = "UIInterfaceOrientationPortrait UIInterfaceOrientationLandscapeLeft UIInterfaceOrientationLandscapeRight";
				LD_RUNPATH_SEARCH_PATHS = (
					"$(inherited)",
					"@executable_path/Frameworks",
				);
				MARKETING_VERSION = 1.0;
				PRODUCT_BUNDLE_IDENTIFIER = SmileSoft4849.ChatApp.com;
				PRODUCT_NAME = "$(TARGET_NAME)";
				PROVISIONING_PROFILE_SPECIFIER = "";
				SWIFT_EMIT_LOC_STRINGS = YES;
				SWIFT_VERSION = 5.0;
				TARGETED_DEVICE_FAMILY = "1,2";
			};
			name = Debug;
		};
		F356794D2AEA97A100A30FA5 /* Release */ = {
			isa = XCBuildConfiguration;
			buildSettings = {
				ASSETCATALOG_COMPILER_APPICON_NAME = AppIcon;
				ASSETCATALOG_COMPILER_GLOBAL_ACCENT_COLOR_NAME = AccentColor;
				CODE_SIGN_IDENTITY = "Apple Development";
				CODE_SIGN_STYLE = Automatic;
				CURRENT_PROJECT_VERSION = 1;
				DEVELOPMENT_ASSET_PATHS = "\"DemoChatApp/Preview Content\"";
				DEVELOPMENT_TEAM = N7V5S5PJV4;
				ENABLE_PREVIEWS = YES;
				GENERATE_INFOPLIST_FILE = YES;
				INFOPLIST_KEY_UIApplicationSceneManifest_Generation = YES;
				INFOPLIST_KEY_UIApplicationSupportsIndirectInputEvents = YES;
				INFOPLIST_KEY_UILaunchScreen_Generation = YES;
				INFOPLIST_KEY_UISupportedInterfaceOrientations_iPad = "UIInterfaceOrientationPortrait UIInterfaceOrientationPortraitUpsideDown UIInterfaceOrientationLandscapeLeft UIInterfaceOrientationLandscapeRight";
				INFOPLIST_KEY_UISupportedInterfaceOrientations_iPhone = "UIInterfaceOrientationPortrait UIInterfaceOrientationLandscapeLeft UIInterfaceOrientationLandscapeRight";
				LD_RUNPATH_SEARCH_PATHS = (
					"$(inherited)",
					"@executable_path/Frameworks",
				);
				MARKETING_VERSION = 1.0;
				PRODUCT_BUNDLE_IDENTIFIER = SmileSoft4849.ChatApp.com;
				PRODUCT_NAME = "$(TARGET_NAME)";
				PROVISIONING_PROFILE_SPECIFIER = "";
				SWIFT_EMIT_LOC_STRINGS = YES;
				SWIFT_VERSION = 5.0;
				TARGETED_DEVICE_FAMILY = "1,2";
			};
			name = Release;
		};
/* End XCBuildConfiguration section */

/* Begin XCConfigurationList section */
		F35679382AEA97A000A30FA5 /* Build configuration list for PBXProject "DemoChatApp" */ = {
			isa = XCConfigurationList;
			buildConfigurations = (
				F35679492AEA97A100A30FA5 /* Debug */,
				F356794A2AEA97A100A30FA5 /* Release */,
			);
			defaultConfigurationIsVisible = 0;
			defaultConfigurationName = Release;
		};
		F356794B2AEA97A100A30FA5 /* Build configuration list for PBXNativeTarget "DemoChatApp" */ = {
			isa = XCConfigurationList;
			buildConfigurations = (
				F356794C2AEA97A100A30FA5 /* Debug */,
				F356794D2AEA97A100A30FA5 /* Release */,
			);
			defaultConfigurationIsVisible = 0;
			defaultConfigurationName = Release;
		};
/* End XCConfigurationList section */

/* Begin XCRemoteSwiftPackageReference section */
		F3982ABC2AF14E6000701854 /* XCRemoteSwiftPackageReference "firebase-ios-sdk" */ = {
			isa = XCRemoteSwiftPackageReference;
			repositoryURL = "https://github.com/firebase/firebase-ios-sdk";
			requirement = {
				branch = master;
				kind = branch;
			};
		};
/* End XCRemoteSwiftPackageReference section */

/* Begin XCSwiftPackageProductDependency section */
		F3982ABD2AF14E6000701854 /* FirebaseAuth */ = {
			isa = XCSwiftPackageProductDependency;
			package = F3982ABC2AF14E6000701854 /* XCRemoteSwiftPackageReference "firebase-ios-sdk" */;
			productName = FirebaseAuth;
		};
		F3982ABF2AF14E6000701854 /* FirebaseFirestore */ = {
			isa = XCSwiftPackageProductDependency;
			package = F3982ABC2AF14E6000701854 /* XCRemoteSwiftPackageReference "firebase-ios-sdk" */;
			productName = FirebaseFirestore;
		};
		F3982AC12AF14E6000701854 /* FirebaseFirestoreSwift */ = {
			isa = XCSwiftPackageProductDependency;
			package = F3982ABC2AF14E6000701854 /* XCRemoteSwiftPackageReference "firebase-ios-sdk" */;
			productName = FirebaseFirestoreSwift;
		};
		F3982AC32AF14E6000701854 /* FirebaseStorage */ = {
			isa = XCSwiftPackageProductDependency;
			package = F3982ABC2AF14E6000701854 /* XCRemoteSwiftPackageReference "firebase-ios-sdk" */;
			productName = FirebaseStorage;
		};
/* End XCSwiftPackageProductDependency section */
	};
	rootObject = F35679352AEA97A000A30FA5 /* Project object */;
}
